
Microsoft Visual Studio Solution File, Format Version 12.00
# Visual Studio Version 16
VisualStudioVersion = 16.0.31911.196
MinimumVisualStudioVersion = 10.0.40219.1
Project("{FAE04EC0-301F-11D3-BF4B-00C04F79EFBC}") = "Activity9.Events", "Activity9.Events\Activity9.Events.csproj", "{44EF7709-AC44-4A64-A54F-51FFD9338475}"
EndProject
Project("{FAE04EC0-301F-11D3-BF4B-00C04F79EFBC}") = "TrainEvents", "TrainEvents\TrainEvents.csproj", "{640C4495-660C-49C5-B21D-3325073BC7B0}"
EndProject
Global
	GlobalSection(SolutionConfigurationPlatforms) = preSolution
		Debug|Any CPU = Debug|Any CPU
		Release|Any CPU = Release|Any CPU
	EndGlobalSection
	GlobalSection(ProjectConfigurationPlatforms) = postSolution
		{44EF7709-AC44-4A64-A54F-51FFD9338475}.Debug|Any CPU.ActiveCfg = Debug|Any CPU
		{44EF7709-AC44-4A64-A54F-51FFD9338475}.Debug|Any CPU.Build.0 = Debug|Any CPU
		{44EF7709-AC44-4A64-A54F-51FFD9338475}.Release|Any CPU.ActiveCfg = Release|Any CPU
		{44EF7709-AC44-4A64-A54F-51FFD9338475}.Release|Any CPU.Build.0 = Release|Any CPU
		{640C4495-660C-49C5-B21D-3325073BC7B0}.Debug|Any CPU.ActiveCfg = Debug|Any CPU
		{640C4495-660C-49C5-B21D-3325073BC7B0}.Debug|Any CPU.Build.0 = Debug|Any CPU
		{640C4495-660C-49C5-B21D-3325073BC7B0}.Release|Any CPU.ActiveCfg = Release|Any CPU
		{640C4495-660C-49C5-B21D-3325073BC7B0}.Release|Any CPU.Build.0 = Release|Any CPU
	EndGlobalSection
	GlobalSection(SolutionProperties) = preSolution
		HideSolutionNode = FALSE
	EndGlobalSection
	GlobalSection(ExtensibilityGlobals) = postSolution
		SolutionGuid = {564FDF4C-9330-471C-BFE2-5EAE6207698B}
	EndGlobalSection
EndGlobal
